
Microsoft Visual Studio Solution File, Format Version 12.00
# Visual Studio Version 17
VisualStudioVersion = 17.14.36121.58
MinimumVisualStudioVersion = 10.0.40219.1
Project("{FAE04EC0-301F-11D3-BF4B-00C04F79EFBC}") = "Greeter", "Greeter\Greeter.csproj", "{A0E86CE5-A225-4092-9741-5730BAB7C517}"
EndProject
Project("{2150E333-8FDC-42A3-9474-1A3956D46DE8}") = "M000", "M000", "{02EA681E-C7D8-13C7-8484-4AC65E1B71E8}"
	ProjectSection(SolutionItems) = preProject
		README.md = README.md
		Structure.md = Structure.md
	EndProjectSection
EndProject
Project("{2150E333-8FDC-42A3-9474-1A3956D46DE8}") = "M001_Vorstellung", "M001_Vorstellung", "{38A0FCD7-B870-421E-8A69-678CD3077A9B}"
EndProject
Project("{2150E333-8FDC-42A3-9474-1A3956D46DE8}") = "M002_Konfiguration", "M002_Konfiguration", "{276DE548-641D-426D-AE0F-D5F84E871B58}"
EndProject
Project("{FAE04EC0-301F-11D3-BF4B-00C04F79EFBC}") = "HelloDependencyInjection", "HelloDependencyInjection\HelloDependencyInjection.csproj", "{4CDC9A88-D664-4815-A06E-A9A8FFD2398E}"
EndProject
Project("{FAE04EC0-301F-11D3-BF4B-00C04F79EFBC}") = "HelloOpenTelemetry", "HelloOpenTelemetry\HelloOpenTelemetry.csproj", "{C9BF13AB-9F84-4260-8E01-B371A3F1A346}"
EndProject
Project("{FAE04EC0-301F-11D3-BF4B-00C04F79EFBC}") = "LabDependencyInjection", "LabDependencyInjection\LabDependencyInjection.csproj", "{9282C1B6-5310-B88A-2BB2-C99832B1C352}"
EndProject
Project("{FAE04EC0-301F-11D3-BF4B-00C04F79EFBC}") = "LabSeriLog", "LabSeriLog\LabSeriLog.csproj", "{8F3B2493-EB7E-3CBA-0326-BDDBBAD36DD3}"
EndProject
Project("{2150E333-8FDC-42A3-9474-1A3956D46DE8}") = "Shared", "Shared", "{8FE9692B-5E6A-4480-8B33-242914A52866}"
EndProject
Project("{FAE04EC0-301F-11D3-BF4B-00C04F79EFBC}") = "BusinessModel", "BusinessModel\BusinessModel.csproj", "{978ABF26-74AE-45BE-074C-36802CDDAB32}"
EndProject
Project("{2150E333-8FDC-42A3-9474-1A3956D46DE8}") = "M003_Controller", "M003_Controller", "{311721EF-613D-43D6-B11A-612F48625A60}"
EndProject
Project("{FAE04EC0-301F-11D3-BF4B-00C04F79EFBC}") = "RecipeApi", "RecipeApi\RecipeApi.csproj", "{59326776-C5FD-4D98-B852-3A0A4FFE45DF}"
EndProject
Project("{2150E333-8FDC-42A3-9474-1A3956D46DE8}") = "M004_MVC", "M004_MVC", "{FC7D2E55-DA8C-430D-A83A-BEA2946664C2}"
EndProject
Project("{FAE04EC0-301F-11D3-BF4B-00C04F79EFBC}") = "DemoMvcApp", "DemoMvcApp\DemoMvcApp.csproj", "{579CB5EA-DAAF-4ADD-877C-6656C7736829}"
EndProject
Project("{FAE04EC0-301F-11D3-BF4B-00C04F79EFBC}") = "LabMovieStore", "LabBusinessModel\LabMovieStore.csproj", "{DD4F66CF-8137-172B-CED2-A42145366A9E}"
EndProject
Project("{FAE04EC0-301F-11D3-BF4B-00C04F79EFBC}") = "LabMvcApp", "LabMvcApp\LabMvcApp.csproj", "{911ACF70-4770-7781-9D47-849F72149442}"
EndProject
Project("{FAE04EC0-301F-11D3-BF4B-00C04F79EFBC}") = "BusinessModel.Tests", "BusinessModel.Tests\BusinessModel.Tests.csproj", "{48FF0B4A-2609-49E4-9109-52D8A7D8B9DC}"
EndProject
Project("{2150E333-8FDC-42A3-9474-1A3956D46DE8}") = "M009_EF-DbFirst", "M009_EF-DbFirst", "{9A1A12EF-BBCC-4212-B3F5-41E41EE0EF33}"
EndProject
Project("{FAE04EC0-301F-11D3-BF4B-00C04F79EFBC}") = "NorthwindWebApp", "NorthwindWebApp\NorthwindWebApp.csproj", "{31E0D8A6-0DE7-458B-BFA7-E9E9787C9AC3}"
EndProject
Project("{2150E333-8FDC-42A3-9474-1A3956D46DE8}") = "M008_EF-CodeFirst", "M008_EF-CodeFirst", "{21E3C3C1-AD79-4E7E-AABD-AC4E18D18851}"
EndProject
Project("{FAE04EC0-301F-11D3-BF4B-00C04F79EFBC}") = "LabMovieDbApp", "LabMovieDbApp\LabMovieDbApp.csproj", "{27AEF69C-A591-4D5B-B2F8-2658563F56A6}"
EndProject
Project("{2150E333-8FDC-42A3-9474-1A3956D46DE8}") = "M010_AspNetCoreIdentity", "M010_AspNetCoreIdentity", "{C61B6F1C-BF4A-4D5A-B65E-C3499F5B15F6}"
EndProject
Project("{FAE04EC0-301F-11D3-BF4B-00C04F79EFBC}") = "DemoMvcApp", "DemoMvcAuthApp\DemoMvcApp.csproj", "{AE8ABD28-3AA2-6C23-B5B0-150A48DA2651}"
EndProject
Global
	GlobalSection(SolutionConfigurationPlatforms) = preSolution
		Debug|Any CPU = Debug|Any CPU
		Release|Any CPU = Release|Any CPU
	EndGlobalSection
	GlobalSection(ProjectConfigurationPlatforms) = postSolution
		{A0E86CE5-A225-4092-9741-5730BAB7C517}.Debug|Any CPU.ActiveCfg = Debug|Any CPU
		{A0E86CE5-A225-4092-9741-5730BAB7C517}.Debug|Any CPU.Build.0 = Debug|Any CPU
		{A0E86CE5-A225-4092-9741-5730BAB7C517}.Release|Any CPU.ActiveCfg = Release|Any CPU
		{A0E86CE5-A225-4092-9741-5730BAB7C517}.Release|Any CPU.Build.0 = Release|Any CPU
		{4CDC9A88-D664-4815-A06E-A9A8FFD2398E}.Debug|Any CPU.ActiveCfg = Debug|Any CPU
		{4CDC9A88-D664-4815-A06E-A9A8FFD2398E}.Debug|Any CPU.Build.0 = Debug|Any CPU
		{4CDC9A88-D664-4815-A06E-A9A8FFD2398E}.Release|Any CPU.ActiveCfg = Release|Any CPU
		{4CDC9A88-D664-4815-A06E-A9A8FFD2398E}.Release|Any CPU.Build.0 = Release|Any CPU
		{C9BF13AB-9F84-4260-8E01-B371A3F1A346}.Debug|Any CPU.ActiveCfg = Debug|Any CPU
		{C9BF13AB-9F84-4260-8E01-B371A3F1A346}.Debug|Any CPU.Build.0 = Debug|Any CPU
		{C9BF13AB-9F84-4260-8E01-B371A3F1A346}.Release|Any CPU.ActiveCfg = Release|Any CPU
		{C9BF13AB-9F84-4260-8E01-B371A3F1A346}.Release|Any CPU.Build.0 = Release|Any CPU
		{9282C1B6-5310-B88A-2BB2-C99832B1C352}.Debug|Any CPU.ActiveCfg = Debug|Any CPU
		{9282C1B6-5310-B88A-2BB2-C99832B1C352}.Debug|Any CPU.Build.0 = Debug|Any CPU
		{9282C1B6-5310-B88A-2BB2-C99832B1C352}.Release|Any CPU.ActiveCfg = Release|Any CPU
		{9282C1B6-5310-B88A-2BB2-C99832B1C352}.Release|Any CPU.Build.0 = Release|Any CPU
		{8F3B2493-EB7E-3CBA-0326-BDDBBAD36DD3}.Debug|Any CPU.ActiveCfg = Debug|Any CPU
		{8F3B2493-EB7E-3CBA-0326-BDDBBAD36DD3}.Debug|Any CPU.Build.0 = Debug|Any CPU
		{8F3B2493-EB7E-3CBA-0326-BDDBBAD36DD3}.Release|Any CPU.ActiveCfg = Release|Any CPU
		{8F3B2493-EB7E-3CBA-0326-BDDBBAD36DD3}.Release|Any CPU.Build.0 = Release|Any CPU
		{978ABF26-74AE-45BE-074C-36802CDDAB32}.Debug|Any CPU.ActiveCfg = Debug|Any CPU
		{978ABF26-74AE-45BE-074C-36802CDDAB32}.Debug|Any CPU.Build.0 = Debug|Any CPU
		{978ABF26-74AE-45BE-074C-36802CDDAB32}.Release|Any CPU.ActiveCfg = Release|Any CPU
		{978ABF26-74AE-45BE-074C-36802CDDAB32}.Release|Any CPU.Build.0 = Release|Any CPU
		{59326776-C5FD-4D98-B852-3A0A4FFE45DF}.Debug|Any CPU.ActiveCfg = Debug|Any CPU
		{59326776-C5FD-4D98-B852-3A0A4FFE45DF}.Debug|Any CPU.Build.0 = Debug|Any CPU
		{59326776-C5FD-4D98-B852-3A0A4FFE45DF}.Release|Any CPU.ActiveCfg = Release|Any CPU
		{59326776-C5FD-4D98-B852-3A0A4FFE45DF}.Release|Any CPU.Build.0 = Release|Any CPU
		{579CB5EA-DAAF-4ADD-877C-6656C7736829}.Debug|Any CPU.ActiveCfg = Debug|Any CPU
		{579CB5EA-DAAF-4ADD-877C-6656C7736829}.Debug|Any CPU.Build.0 = Debug|Any CPU
		{579CB5EA-DAAF-4ADD-877C-6656C7736829}.Release|Any CPU.ActiveCfg = Release|Any CPU
		{579CB5EA-DAAF-4ADD-877C-6656C7736829}.Release|Any CPU.Build.0 = Release|Any CPU
		{DD4F66CF-8137-172B-CED2-A42145366A9E}.Debug|Any CPU.ActiveCfg = Debug|Any CPU
		{DD4F66CF-8137-172B-CED2-A42145366A9E}.Debug|Any CPU.Build.0 = Debug|Any CPU
		{DD4F66CF-8137-172B-CED2-A42145366A9E}.Release|Any CPU.ActiveCfg = Release|Any CPU
		{DD4F66CF-8137-172B-CED2-A42145366A9E}.Release|Any CPU.Build.0 = Release|Any CPU
		{911ACF70-4770-7781-9D47-849F72149442}.Debug|Any CPU.ActiveCfg = Debug|Any CPU
		{911ACF70-4770-7781-9D47-849F72149442}.Debug|Any CPU.Build.0 = Debug|Any CPU
		{911ACF70-4770-7781-9D47-849F72149442}.Release|Any CPU.ActiveCfg = Release|Any CPU
		{911ACF70-4770-7781-9D47-849F72149442}.Release|Any CPU.Build.0 = Release|Any CPU
		{48FF0B4A-2609-49E4-9109-52D8A7D8B9DC}.Debug|Any CPU.ActiveCfg = Debug|Any CPU
		{48FF0B4A-2609-49E4-9109-52D8A7D8B9DC}.Debug|Any CPU.Build.0 = Debug|Any CPU
		{48FF0B4A-2609-49E4-9109-52D8A7D8B9DC}.Release|Any CPU.ActiveCfg = Release|Any CPU
		{48FF0B4A-2609-49E4-9109-52D8A7D8B9DC}.Release|Any CPU.Build.0 = Release|Any CPU
		{31E0D8A6-0DE7-458B-BFA7-E9E9787C9AC3}.Debug|Any CPU.ActiveCfg = Debug|Any CPU
		{31E0D8A6-0DE7-458B-BFA7-E9E9787C9AC3}.Debug|Any CPU.Build.0 = Debug|Any CPU
		{31E0D8A6-0DE7-458B-BFA7-E9E9787C9AC3}.Release|Any CPU.ActiveCfg = Release|Any CPU
		{31E0D8A6-0DE7-458B-BFA7-E9E9787C9AC3}.Release|Any CPU.Build.0 = Release|Any CPU
		{27AEF69C-A591-4D5B-B2F8-2658563F56A6}.Debug|Any CPU.ActiveCfg = Debug|Any CPU
		{27AEF69C-A591-4D5B-B2F8-2658563F56A6}.Debug|Any CPU.Build.0 = Debug|Any CPU
		{27AEF69C-A591-4D5B-B2F8-2658563F56A6}.Release|Any CPU.ActiveCfg = Release|Any CPU
		{27AEF69C-A591-4D5B-B2F8-2658563F56A6}.Release|Any CPU.Build.0 = Release|Any CPU
		{AE8ABD28-3AA2-6C23-B5B0-150A48DA2651}.Debug|Any CPU.ActiveCfg = Debug|Any CPU
		{AE8ABD28-3AA2-6C23-B5B0-150A48DA2651}.Debug|Any CPU.Build.0 = Debug|Any CPU
		{AE8ABD28-3AA2-6C23-B5B0-150A48DA2651}.Release|Any CPU.ActiveCfg = Release|Any CPU
		{AE8ABD28-3AA2-6C23-B5B0-150A48DA2651}.Release|Any CPU.Build.0 = Release|Any CPU
	EndGlobalSection
	GlobalSection(SolutionProperties) = preSolution
		HideSolutionNode = FALSE
	EndGlobalSection
	GlobalSection(NestedProjects) = preSolution
		{A0E86CE5-A225-4092-9741-5730BAB7C517} = {38A0FCD7-B870-421E-8A69-678CD3077A9B}
		{4CDC9A88-D664-4815-A06E-A9A8FFD2398E} = {276DE548-641D-426D-AE0F-D5F84E871B58}
		{C9BF13AB-9F84-4260-8E01-B371A3F1A346} = {276DE548-641D-426D-AE0F-D5F84E871B58}
		{9282C1B6-5310-B88A-2BB2-C99832B1C352} = {276DE548-641D-426D-AE0F-D5F84E871B58}
		{8F3B2493-EB7E-3CBA-0326-BDDBBAD36DD3} = {276DE548-641D-426D-AE0F-D5F84E871B58}
		{978ABF26-74AE-45BE-074C-36802CDDAB32} = {8FE9692B-5E6A-4480-8B33-242914A52866}
		{59326776-C5FD-4D98-B852-3A0A4FFE45DF} = {311721EF-613D-43D6-B11A-612F48625A60}
		{579CB5EA-DAAF-4ADD-877C-6656C7736829} = {FC7D2E55-DA8C-430D-A83A-BEA2946664C2}
		{DD4F66CF-8137-172B-CED2-A42145366A9E} = {8FE9692B-5E6A-4480-8B33-242914A52866}
		{911ACF70-4770-7781-9D47-849F72149442} = {FC7D2E55-DA8C-430D-A83A-BEA2946664C2}
		{48FF0B4A-2609-49E4-9109-52D8A7D8B9DC} = {8FE9692B-5E6A-4480-8B33-242914A52866}
		{31E0D8A6-0DE7-458B-BFA7-E9E9787C9AC3} = {9A1A12EF-BBCC-4212-B3F5-41E41EE0EF33}
		{27AEF69C-A591-4D5B-B2F8-2658563F56A6} = {21E3C3C1-AD79-4E7E-AABD-AC4E18D18851}
		{AE8ABD28-3AA2-6C23-B5B0-150A48DA2651} = {C61B6F1C-BF4A-4D5A-B65E-C3499F5B15F6}
	EndGlobalSection
	GlobalSection(ExtensibilityGlobals) = postSolution
		SolutionGuid = {F8DF09BE-FE25-4D34-B6EA-070D79C4A0B0}
	EndGlobalSection
EndGlobal
