
Microsoft Visual Studio Solution File, Format Version 12.00
# Visual Studio Version 17
VisualStudioVersion = 17.14.36121.58
MinimumVisualStudioVersion = 10.0.40219.1
Project("{FAE04EC0-301F-11D3-BF4B-00C04F79EFBC}") = "Greeter", "Greeter\Greeter.csproj", "{A0E86CE5-A225-4092-9741-5730BAB7C517}"
EndProject
Project("{2150E333-8FDC-42A3-9474-1A3956D46DE8}") = "M000", "M000", "{02EA681E-C7D8-13C7-8484-4AC65E1B71E8}"
	ProjectSection(SolutionItems) = preProject
		README.md = README.md
	EndProjectSection
EndProject
Project("{2150E333-8FDC-42A3-9474-1A3956D46DE8}") = "M001_Vorstellung", "M001_Vorstellung", "{38A0FCD7-B870-421E-8A69-678CD3077A9B}"
EndProject
Project("{2150E333-8FDC-42A3-9474-1A3956D46DE8}") = "M002_Konfiguration", "M002_Konfiguration", "{276DE548-641D-426D-AE0F-D5F84E871B58}"
EndProject
Project("{FAE04EC0-301F-11D3-BF4B-00C04F79EFBC}") = "HelloDependencyInjection", "HelloDependencyInjection\HelloDependencyInjection.csproj", "{4CDC9A88-D664-4815-A06E-A9A8FFD2398E}"
EndProject
Project("{FAE04EC0-301F-11D3-BF4B-00C04F79EFBC}") = "HelloOpenTelemetry", "HelloOpenTelemetry\HelloOpenTelemetry.csproj", "{C9BF13AB-9F84-4260-8E01-B371A3F1A346}"
EndProject
Project("{FAE04EC0-301F-11D3-BF4B-00C04F79EFBC}") = "LabDependencyInjection", "LabDependencyInjection\LabDependencyInjection.csproj", "{9282C1B6-5310-B88A-2BB2-C99832B1C352}"
EndProject
Project("{FAE04EC0-301F-11D3-BF4B-00C04F79EFBC}") = "LabSeriLog", "LabSeriLog\LabSeriLog.csproj", "{8F3B2493-EB7E-3CBA-0326-BDDBBAD36DD3}"
EndProject
Project("{2150E333-8FDC-42A3-9474-1A3956D46DE8}") = "Shared", "Shared", "{8FE9692B-5E6A-4480-8B33-242914A52866}"
EndProject
Project("{FAE04EC0-301F-11D3-BF4B-00C04F79EFBC}") = "BusinessModel", "BusinessModel\BusinessModel.csproj", "{978ABF26-74AE-45BE-074C-36802CDDAB32}"
EndProject
Project("{2150E333-8FDC-42A3-9474-1A3956D46DE8}") = "M003_Controller", "M003_Controller", "{311721EF-613D-43D6-B11A-612F48625A60}"
EndProject
Project("{FAE04EC0-301F-11D3-BF4B-00C04F79EFBC}") = "RecipeApi", "RecipeApi\RecipeApi.csproj", "{59326776-C5FD-4D98-B852-3A0A4FFE45DF}"
EndProject
Global
	GlobalSection(SolutionConfigurationPlatforms) = preSolution
		Debug|Any CPU = Debug|Any CPU
		Release|Any CPU = Release|Any CPU
	EndGlobalSection
	GlobalSection(ProjectConfigurationPlatforms) = postSolution
		{A0E86CE5-A225-4092-9741-5730BAB7C517}.Debug|Any CPU.ActiveCfg = Debug|Any CPU
		{A0E86CE5-A225-4092-9741-5730BAB7C517}.Debug|Any CPU.Build.0 = Debug|Any CPU
		{A0E86CE5-A225-4092-9741-5730BAB7C517}.Release|Any CPU.ActiveCfg = Release|Any CPU
		{A0E86CE5-A225-4092-9741-5730BAB7C517}.Release|Any CPU.Build.0 = Release|Any CPU
		{4CDC9A88-D664-4815-A06E-A9A8FFD2398E}.Debug|Any CPU.ActiveCfg = Debug|Any CPU
		{4CDC9A88-D664-4815-A06E-A9A8FFD2398E}.Debug|Any CPU.Build.0 = Debug|Any CPU
		{4CDC9A88-D664-4815-A06E-A9A8FFD2398E}.Release|Any CPU.ActiveCfg = Release|Any CPU
		{4CDC9A88-D664-4815-A06E-A9A8FFD2398E}.Release|Any CPU.Build.0 = Release|Any CPU
		{C9BF13AB-9F84-4260-8E01-B371A3F1A346}.Debug|Any CPU.ActiveCfg = Debug|Any CPU
		{C9BF13AB-9F84-4260-8E01-B371A3F1A346}.Debug|Any CPU.Build.0 = Debug|Any CPU
		{C9BF13AB-9F84-4260-8E01-B371A3F1A346}.Release|Any CPU.ActiveCfg = Release|Any CPU
		{C9BF13AB-9F84-4260-8E01-B371A3F1A346}.Release|Any CPU.Build.0 = Release|Any CPU
		{9282C1B6-5310-B88A-2BB2-C99832B1C352}.Debug|Any CPU.ActiveCfg = Debug|Any CPU
		{9282C1B6-5310-B88A-2BB2-C99832B1C352}.Debug|Any CPU.Build.0 = Debug|Any CPU
		{9282C1B6-5310-B88A-2BB2-C99832B1C352}.Release|Any CPU.ActiveCfg = Release|Any CPU
		{9282C1B6-5310-B88A-2BB2-C99832B1C352}.Release|Any CPU.Build.0 = Release|Any CPU
		{8F3B2493-EB7E-3CBA-0326-BDDBBAD36DD3}.Debug|Any CPU.ActiveCfg = Debug|Any CPU
		{8F3B2493-EB7E-3CBA-0326-BDDBBAD36DD3}.Debug|Any CPU.Build.0 = Debug|Any CPU
		{8F3B2493-EB7E-3CBA-0326-BDDBBAD36DD3}.Release|Any CPU.ActiveCfg = Release|Any CPU
		{8F3B2493-EB7E-3CBA-0326-BDDBBAD36DD3}.Release|Any CPU.Build.0 = Release|Any CPU
		{978ABF26-74AE-45BE-074C-36802CDDAB32}.Debug|Any CPU.ActiveCfg = Debug|Any CPU
		{978ABF26-74AE-45BE-074C-36802CDDAB32}.Debug|Any CPU.Build.0 = Debug|Any CPU
		{978ABF26-74AE-45BE-074C-36802CDDAB32}.Release|Any CPU.ActiveCfg = Release|Any CPU
		{978ABF26-74AE-45BE-074C-36802CDDAB32}.Release|Any CPU.Build.0 = Release|Any CPU
		{59326776-C5FD-4D98-B852-3A0A4FFE45DF}.Debug|Any CPU.ActiveCfg = Debug|Any CPU
		{59326776-C5FD-4D98-B852-3A0A4FFE45DF}.Debug|Any CPU.Build.0 = Debug|Any CPU
		{59326776-C5FD-4D98-B852-3A0A4FFE45DF}.Release|Any CPU.ActiveCfg = Release|Any CPU
		{59326776-C5FD-4D98-B852-3A0A4FFE45DF}.Release|Any CPU.Build.0 = Release|Any CPU
	EndGlobalSection
	GlobalSection(SolutionProperties) = preSolution
		HideSolutionNode = FALSE
	EndGlobalSection
	GlobalSection(NestedProjects) = preSolution
		{A0E86CE5-A225-4092-9741-5730BAB7C517} = {38A0FCD7-B870-421E-8A69-678CD3077A9B}
		{4CDC9A88-D664-4815-A06E-A9A8FFD2398E} = {276DE548-641D-426D-AE0F-D5F84E871B58}
		{C9BF13AB-9F84-4260-8E01-B371A3F1A346} = {276DE548-641D-426D-AE0F-D5F84E871B58}
		{9282C1B6-5310-B88A-2BB2-C99832B1C352} = {276DE548-641D-426D-AE0F-D5F84E871B58}
		{8F3B2493-EB7E-3CBA-0326-BDDBBAD36DD3} = {276DE548-641D-426D-AE0F-D5F84E871B58}
		{978ABF26-74AE-45BE-074C-36802CDDAB32} = {8FE9692B-5E6A-4480-8B33-242914A52866}
		{59326776-C5FD-4D98-B852-3A0A4FFE45DF} = {311721EF-613D-43D6-B11A-612F48625A60}
	EndGlobalSection
	GlobalSection(ExtensibilityGlobals) = postSolution
		SolutionGuid = {F8DF09BE-FE25-4D34-B6EA-070D79C4A0B0}
	EndGlobalSection
EndGlobal
